PODS:
  - AbstractTableView (0.0.1)

DEPENDENCIES:
  - AbstractTableView (from `../`)

EXTERNAL SOURCES:
  AbstractTableView:
    :path: "../"

SPEC CHECKSUMS:
  AbstractTableView: 5a8bd3973189e77ed4cf4aa88bc3bab3ee5ac592

PODFILE CHECKSUM: a9aeb8f11e8e241d0a12c76b2b4b7d4333f9df42

COCOAPODS: 1.10.1
