// !$*UTF8*$!
{
	archiveVersion = 1;
	classes = {
	};
	objectVersion = 51;
	objects = {

/* Begin PBXBuildFile section */
		75D3A561D19FDBF088885749 /* Pods_Example.framework in Frameworks */ = {isa = PBXBuildFile; fileRef = 61B95C5E901900176055CC31 /* Pods_Example.framework */; };
		FDC95CE426856FF400BC55AC /* AppDelegate.swift in Sources */ = {isa = PBXBuildFile; fileRef = FDC95CE326856FF400BC55AC /* AppDelegate.swift */; };
		FDC95CE626856FF400BC55AC /* SceneDelegate.swift in Sources */ = {isa = PBXBuildFile; fileRef = FDC95CE526856FF400BC55AC /* SceneDelegate.swift */; };
		FDC95CE826856FF400BC55AC /* ViewController.swift in Sources */ = {isa = PBXBuildFile; fileRef = FDC95CE726856FF400BC55AC /* ViewController.swift */; };
		FDC95CEB26856FF400BC55AC /* Main.storyboard in Resources */ = {isa = PBXBuildFile; fileRef = FDC95CE926856FF400BC55AC /* Main.storyboard */; };
		FDC95CED26856FF500BC55AC /* Assets.xcassets in Resources */ = {isa = PBXBuildFile; fileRef = FDC95CEC26856FF500BC55AC /* Assets.xcassets */; };
		FDC95CF026856FF500BC55AC /* LaunchScreen.storyboard in Resources */ = {isa = PBXBuildFile; fileRef = FDC95CEE26856FF500BC55AC /* LaunchScreen.storyboard */; };
		FDC95D0626856FF500BC55AC /* ExampleUITests.swift in Sources */ = {isa = PBXBuildFile; fileRef = FDC95D0526856FF500BC55AC /* ExampleUITests.swift */; };
		FDC95D1426858D8600BC55AC /* Constants.swift in Sources */ = {isa = PBXBuildFile; fileRef = FDC95D1326858D8600BC55AC /* Constants.swift */; };
		FDC95D1E2685968C00BC55AC /* ExampleTests.swift in Sources */ = {isa = PBXBuildFile; fileRef = FDC95CFA26856FF500BC55AC /* ExampleTests.swift */; };
/* End PBXBuildFile section */

/* Begin PBXContainerItemProxy section */
		FDC95CF726856FF500BC55AC /* PBXContainerItemProxy */ = {
			isa = PBXContainerItemProxy;
			containerPortal = FDC95CD826856FF400BC55AC /* Project object */;
			proxyType = 1;
			remoteGlobalIDString = FDC95CDF26856FF400BC55AC;
			remoteInfo = Example;
		};
		FDC95D0226856FF500BC55AC /* PBXContainerItemProxy */ = {
			isa = PBXContainerItemProxy;
			containerPortal = FDC95CD826856FF400BC55AC /* Project object */;
			proxyType = 1;
			remoteGlobalIDString = FDC95CDF26856FF400BC55AC;
			remoteInfo = Example;
		};
/* End PBXContainerItemProxy section */

/* Begin PBXFileReference section */
		4AE7FE825FFEB2AD00302A4B /* Pods-Example.release.xcconfig */ = {isa = PBXFileReference; includeInIndex = 1; lastKnownFileType = text.xcconfig; name = "Pods-Example.release.xcconfig"; path = "Target Support Files/Pods-Example/Pods-Example.release.xcconfig"; sourceTree = "<group>"; };
		61B95C5E901900176055CC31 /* Pods_Example.framework */ = {isa = PBXFileReference; explicitFileType = wrapper.framework; includeInIndex = 0; path = Pods_Example.framework; sourceTree = BUILT_PRODUCTS_DIR; };
		D3C21CF54BF79EE66E2EA2F7 /* Pods-Example.debug.xcconfig */ = {isa = PBXFileReference; includeInIndex = 1; lastKnownFileType = text.xcconfig; name = "Pods-Example.debug.xcconfig"; path = "Target Support Files/Pods-Example/Pods-Example.debug.xcconfig"; sourceTree = "<group>"; };
		FDC95CE026856FF400BC55AC /* Example.app */ = {isa = PBXFileReference; explicitFileType = wrapper.application; includeInIndex = 0; path = Example.app; sourceTree = BUILT_PRODUCTS_DIR; };
		FDC95CE326856FF400BC55AC /* AppDelegate.swift */ = {isa = PBXFileReference; lastKnownFileType = sourcecode.swift; path = AppDelegate.swift; sourceTree = "<group>"; };
		FDC95CE526856FF400BC55AC /* SceneDelegate.swift */ = {isa = PBXFileReference; lastKnownFileType = sourcecode.swift; path = SceneDelegate.swift; sourceTree = "<group>"; };
		FDC95CE726856FF400BC55AC /* ViewController.swift */ = {isa = PBXFileReference; lastKnownFileType = sourcecode.swift; path = ViewController.swift; sourceTree = "<group>"; };
		FDC95CEA26856FF400BC55AC /* Base */ = {isa = PBXFileReference; lastKnownFileType = file.storyboard; name = Base; path = Base.lproj/Main.storyboard; sourceTree = "<group>"; };
		FDC95CEC26856FF500BC55AC /* Assets.xcassets */ = {isa = PBXFileReference; lastKnownFileType = folder.assetcatalog; path = Assets.xcassets; sourceTree = "<group>"; };
		FDC95CEF26856FF500BC55AC /* Base */ = {isa = PBXFileReference; lastKnownFileType = file.storyboard; name = Base; path = Base.lproj/LaunchScreen.storyboard; sourceTree = "<group>"; };
		FDC95CF126856FF500BC55AC /* Info.plist */ = {isa = PBXFileReference; lastKnownFileType = text.plist.xml; path = Info.plist; sourceTree = "<group>"; };
		FDC95CF626856FF500BC55AC /* ExampleTests.xctest */ = {isa = PBXFileReference; explicitFileType = wrapper.cfbundle; includeInIndex = 0; path = ExampleTests.xctest; sourceTree = BUILT_PRODUCTS_DIR; };
		FDC95CFA26856FF500BC55AC /* ExampleTests.swift */ = {isa = PBXFileReference; lastKnownFileType = sourcecode.swift; path = ExampleTests.swift; sourceTree = "<group>"; };
		FDC95CFC26856FF500BC55AC /* Info.plist */ = {isa = PBXFileReference; lastKnownFileType = text.plist.xml; path = Info.plist; sourceTree = "<group>"; };
		FDC95D0126856FF500BC55AC /* ExampleUITests.xctest */ = {isa = PBXFileReference; explicitFileType = wrapper.cfbundle; includeInIndex = 0; path = ExampleUITests.xctest; sourceTree = BUILT_PRODUCTS_DIR; };
		FDC95D0526856FF500BC55AC /* ExampleUITests.swift */ = {isa = PBXFileReference; lastKnownFileType = sourcecode.swift; path = ExampleUITests.swift; sourceTree = "<group>"; };
		FDC95D0726856FF500BC55AC /* Info.plist */ = {isa = PBXFileReference; lastKnownFileType = text.plist.xml; path = Info.plist; sourceTree = "<group>"; };
		FDC95D1326858D8600BC55AC /* Constants.swift */ = {isa = PBXFileReference; lastKnownFileType = sourcecode.swift; path = Constants.swift; sourceTree = "<group>"; };
/* End PBXFileReference section */

/* Begin PBXFrameworksBuildPhase section */
		FDC95CDD26856FF400BC55AC /* Frameworks */ = {
			isa = PBXFrameworksBuildPhase;
			buildActionMask = 2147483647;
			files = (
				75D3A561D19FDBF088885749 /* Pods_Example.framework in Frameworks */,
			);
			runOnlyForDeploymentPostprocessing = 0;
		};
		FDC95CF326856FF500BC55AC /* Frameworks */ = {
			isa = PBXFrameworksBuildPhase;
			buildActionMask = 2147483647;
			files = (
			);
			runOnlyForDeploymentPostprocessing = 0;
		};
		FDC95CFE26856FF500BC55AC /* Frameworks */ = {
			isa = PBXFrameworksBuildPhase;
			buildActionMask = 2147483647;
			files = (
			);
			runOnlyForDeploymentPostprocessing = 0;
		};
/* End PBXFrameworksBuildPhase section */

/* Begin PBXGroup section */
		C0E9A3AB9D63D0641A1BC4FC /* Frameworks */ = {
			isa = PBXGroup;
			children = (
				61B95C5E901900176055CC31 /* Pods_Example.framework */,
			);
			name = Frameworks;
			sourceTree = "<group>";
		};
		D018764C9054CF811BF705DA /* Pods */ = {
			isa = PBXGroup;
			children = (
				D3C21CF54BF79EE66E2EA2F7 /* Pods-Example.debug.xcconfig */,
				4AE7FE825FFEB2AD00302A4B /* Pods-Example.release.xcconfig */,
			);
			path = Pods;
			sourceTree = "<group>";
		};
		FDC95CD726856FF400BC55AC = {
			isa = PBXGroup;
			children = (
				FDC95CE226856FF400BC55AC /* Example */,
				FDC95CF926856FF500BC55AC /* ExampleTests */,
				FDC95D0426856FF500BC55AC /* ExampleUITests */,
				FDC95CE126856FF400BC55AC /* Products */,
				D018764C9054CF811BF705DA /* Pods */,
				C0E9A3AB9D63D0641A1BC4FC /* Frameworks */,
			);
			sourceTree = "<group>";
		};
		FDC95CE126856FF400BC55AC /* Products */ = {
			isa = PBXGroup;
			children = (
				FDC95CE026856FF400BC55AC /* Example.app */,
				FDC95CF626856FF500BC55AC /* ExampleTests.xctest */,
				FDC95D0126856FF500BC55AC /* ExampleUITests.xctest */,
			);
			name = Products;
			sourceTree = "<group>";
		};
		FDC95CE226856FF400BC55AC /* Example */ = {
			isa = PBXGroup;
			children = (
				FDC95CE326856FF400BC55AC /* AppDelegate.swift */,
				FDC95CE526856FF400BC55AC /* SceneDelegate.swift */,
				FDC95CE726856FF400BC55AC /* ViewController.swift */,
				FDC95CE926856FF400BC55AC /* Main.storyboard */,
				FDC95CEC26856FF500BC55AC /* Assets.xcassets */,
				FDC95CEE26856FF500BC55AC /* LaunchScreen.storyboard */,
				FDC95CF126856FF500BC55AC /* Info.plist */,
				FDC95D1326858D8600BC55AC /* Constants.swift */,
			);
			path = Example;
			sourceTree = "<group>";
		};
		FDC95CF926856FF500BC55AC /* ExampleTests */ = {
			isa = PBXGroup;
			children = (
				FDC95CFA26856FF500BC55AC /* ExampleTests.swift */,
				FDC95CFC26856FF500BC55AC /* Info.plist */,
			);
			path = ExampleTests;
			sourceTree = "<group>";
		};
		FDC95D0426856FF500BC55AC /* ExampleUITests */ = {
			isa = PBXGroup;
			children = (
				FDC95D0526856FF500BC55AC /* ExampleUITests.swift */,
				FDC95D0726856FF500BC55AC /* Info.plist */,
			);
			path = ExampleUITests;
			sourceTree = "<group>";
		};
/* End PBXGroup section */

/* Begin PBXNativeTarget section */
		FDC95CDF26856FF400BC55AC /* Example */ = {
			isa = PBXNativeTarget;
			buildConfigurationList = FDC95D0A26856FF500BC55AC /* Build configuration list for PBXNativeTarget "Example" */;
			buildPhases = (
				A410D69B8CE40C3A8D428F34 /* [CP] Check Pods Manifest.lock */,
				FDC95CDC26856FF400BC55AC /* Sources */,
				FDC95CDD26856FF400BC55AC /* Frameworks */,
				FDC95CDE26856FF400BC55AC /* Resources */,
				6708EC7DCA1F8AC6D48A3211 /* [CP] Embed Pods Frameworks */,
			);
			buildRules = (
			);
			dependencies = (
			);
			name = Example;
			productName = Example;
			productReference = FDC95CE026856FF400BC55AC /* Example.app */;
			productType = "com.apple.product-type.application";
		};
		FDC95CF526856FF500BC55AC /* ExampleTests */ = {
			isa = PBXNativeTarget;
			buildConfigurationList = FDC95D0D26856FF500BC55AC /* Build configuration list for PBXNativeTarget "ExampleTests" */;
			buildPhases = (
				FDC95CF226856FF500BC55AC /* Sources */,
				FDC95CF326856FF500BC55AC /* Frameworks */,
				FDC95CF426856FF500BC55AC /* Resources */,
			);
			buildRules = (
			);
			dependencies = (
				FDC95CF826856FF500BC55AC /* PBXTargetDependency */,
			);
			name = ExampleTests;
			productName = ExampleTests;
			productReference = FDC95CF626856FF500BC55AC /* ExampleTests.xctest */;
			productType = "com.apple.product-type.bundle.unit-test";
		};
		FDC95D0026856FF500BC55AC /* ExampleUITests */ = {
			isa = PBXNativeTarget;
			buildConfigurationList = FDC95D1026856FF500BC55AC /* Build configuration list for PBXNativeTarget "ExampleUITests" */;
			buildPhases = (
				FDC95CFD26856FF500BC55AC /* Sources */,
				FDC95CFE26856FF500BC55AC /* Frameworks */,
				FDC95CFF26856FF500BC55AC /* Resources */,
			);
			buildRules = (
			);
			dependencies = (
				FDC95D0326856FF500BC55AC /* PBXTargetDependency */,
			);
			name = ExampleUITests;
			productName = ExampleUITests;
			productReference = FDC95D0126856FF500BC55AC /* ExampleUITests.xctest */;
			productType = "com.apple.product-type.bundle.ui-testing";
		};
/* End PBXNativeTarget section */

/* Begin PBXProject section */
		FDC95CD826856FF400BC55AC /* Project object */ = {
			isa = PBXProject;
			attributes = {
				LastSwiftUpdateCheck = 1250;
				LastUpgradeCheck = 1250;
				TargetAttributes = {
					FDC95CDF26856FF400BC55AC = {
						CreatedOnToolsVersion = 12.5.1;
					};
					FDC95CF526856FF500BC55AC = {
						CreatedOnToolsVersion = 12.5.1;
						TestTargetID = FDC95CDF26856FF400BC55AC;
					};
					FDC95D0026856FF500BC55AC = {
						CreatedOnToolsVersion = 12.5.1;
						TestTargetID = FDC95CDF26856FF400BC55AC;
					};
				};
			};
			buildConfigurationList = FDC95CDB26856FF400BC55AC /* Build configuration list for PBXProject "Example" */;
			compatibilityVersion = "Xcode 9.3";
			developmentRegion = en;
			hasScannedForEncodings = 0;
			knownRegions = (
				en,
				Base,
			);
			mainGroup = FDC95CD726856FF400BC55AC;
			productRefGroup = FDC95CE126856FF400BC55AC /* Products */;
			projectDirPath = "";
			projectRoot = "";
			targets = (
				FDC95CDF26856FF400BC55AC /* Example */,
				FDC95CF526856FF500BC55AC /* ExampleTests */,
				FDC95D0026856FF500BC55AC /* ExampleUITests */,
			);
		};
/* End PBXProject section */

/* Begin PBXResourcesBuildPhase section */
		FDC95CDE26856FF400BC55AC /* Resources */ = {
			isa = PBXResourcesBuildPhase;
			buildActionMask = 2147483647;
			files = (
				FDC95CF026856FF500BC55AC /* LaunchScreen.storyboard in Resources */,
				FDC95CED26856FF500BC55AC /* Assets.xcassets in Resources */,
				FDC95CEB26856FF400BC55AC /* Main.storyboard in Resources */,
			);
			runOnlyForDeploymentPostprocessing = 0;
		};
		FDC95CF426856FF500BC55AC /* Resources */ = {
			isa = PBXResourcesBuildPhase;
			buildActionMask = 2147483647;
			files = (
			);
			runOnlyForDeploymentPostprocessing = 0;
		};
		FDC95CFF26856FF500BC55AC /* Resources */ = {
			isa = PBXResourcesBuildPhase;
			buildActionMask = 2147483647;
			files = (
			);
			runOnlyForDeploymentPostprocessing = 0;
		};
/* End PBXResourcesBuildPhase section */

/* Begin PBXShellScriptBuildPhase section */
		6708EC7DCA1F8AC6D48A3211 /* [CP] Embed Pods Frameworks */ = {
			isa = PBXShellScriptBuildPhase;
			buildActionMask = 2147483647;
			files = (
			);
			inputFileListPaths = (
				"${PODS_ROOT}/Target Support Files/Pods-Example/Pods-Example-frameworks-${CONFIGURATION}-input-files.xcfilelist",
			);
			name = "[CP] Embed Pods Frameworks";
			outputFileListPaths = (
				"${PODS_ROOT}/Target Support Files/Pods-Example/Pods-Example-frameworks-${CONFIGURATION}-output-files.xcfilelist",
			);
			runOnlyForDeploymentPostprocessing = 0;
			shellPath = /bin/sh;
			shellScript = "\"${PODS_ROOT}/Target Support Files/Pods-Example/Pods-Example-frameworks.sh\"\n";
			showEnvVarsInLog = 0;
		};
		A410D69B8CE40C3A8D428F34 /* [CP] Check Pods Manifest.lock */ = {
			isa = PBXShellScriptBuildPhase;
			buildActionMask = 2147483647;
			files = (
			);
			inputFileListPaths = (
			);
			inputPaths = (
				"${PODS_PODFILE_DIR_PATH}/Podfile.lock",
				"${PODS_ROOT}/Manifest.lock",
			);
			name = "[CP] Check Pods Manifest.lock";
			outputFileListPaths = (
			);
			outputPaths = (
				"$(DERIVED_FILE_DIR)/Pods-Example-checkManifestLockResult.txt",
			);
			runOnlyForDeploymentPostprocessing = 0;
			shellPath = /bin/sh;
			shellScript = "diff \"${PODS_PODFILE_DIR_PATH}/Podfile.lock\" \"${PODS_ROOT}/Manifest.lock\" > /dev/null\nif [ $? != 0 ] ; then\n    # print error to STDERR\n    echo \"error: The sandbox is not in sync with the Podfile.lock. Run 'pod install' or update your CocoaPods installation.\" >&2\n    exit 1\nfi\n# This output is used by Xcode 'outputs' to avoid re-running this script phase.\necho \"SUCCESS\" > \"${SCRIPT_OUTPUT_FILE_0}\"\n";
			showEnvVarsInLog = 0;
		};
/* End PBXShellScriptBuildPhase section */

/* Begin PBXSourcesBuildPhase section */
		FDC95CDC26856FF400BC55AC /* Sources */ = {
			isa = PBXSourcesBuildPhase;
			buildActionMask = 2147483647;
			files = (
				FDC95CE826856FF400BC55AC /* ViewController.swift in Sources */,
				FDC95CE426856FF400BC55AC /* AppDelegate.swift in Sources */,
				FDC95CE626856FF400BC55AC /* SceneDelegate.swift in Sources */,
				FDC95D1426858D8600BC55AC /* Constants.swift in Sources */,
			);
			runOnlyForDeploymentPostprocessing = 0;
		};
		FDC95CF226856FF500BC55AC /* Sources */ = {
			isa = PBXSourcesBuildPhase;
			buildActionMask = 2147483647;
			files = (
				FDC95D1E2685968C00BC55AC /* ExampleTests.swift in Sources */,
			);
			runOnlyForDeploymentPostprocessing = 0;
		};
		FDC95CFD26856FF500BC55AC /* Sources */ = {
			isa = PBXSourcesBuildPhase;
			buildActionMask = 2147483647;
			files = (
				FDC95D0626856FF500BC55AC /* ExampleUITests.swift in Sources */,
			);
			runOnlyForDeploymentPostprocessing = 0;
		};
/* End PBXSourcesBuildPhase section */

/* Begin PBXTargetDependency section */
		FDC95CF826856FF500BC55AC /* PBXTargetDependency */ = {
			isa = PBXTargetDependency;
			target = FDC95CDF26856FF400BC55AC /* Example */;
			targetProxy = FDC95CF726856FF500BC55AC /* PBXContainerItemProxy */;
		};
		FDC95D0326856FF500BC55AC /* PBXTargetDependency */ = {
			isa = PBXTargetDependency;
			target = FDC95CDF26856FF400BC55AC /* Example */;
			targetProxy = FDC95D0226856FF500BC55AC /* PBXContainerItemProxy */;
		};
/* End PBXTargetDependency section */

/* Begin PBXVariantGroup section */
		FDC95CE926856FF400BC55AC /* Main.storyboard */ = {
			isa = PBXVariantGroup;
			children = (
				FDC95CEA26856FF400BC55AC /* Base */,
			);
			name = Main.storyboard;
			sourceTree = "<group>";
		};
		FDC95CEE26856FF500BC55AC /* LaunchScreen.storyboard */ = {
			isa = PBXVariantGroup;
			children = (
				FDC95CEF26856FF500BC55AC /* Base */,
			);
			name = LaunchScreen.storyboard;
			sourceTree = "<group>";
		};
/* End PBXVariantGroup section */

/* Begin XCBuildConfiguration section */
		FDC95D0826856FF500BC55AC /* Debug */ = {
			isa = XCBuildConfiguration;
			buildSettings = {
				ALWAYS_SEARCH_USER_PATHS = NO;
				CLANG_ANALYZER_NONNULL = YES;
				CLANG_ANALYZER_NUMBER_OBJECT_CONVERSION = YES_AGGRESSIVE;
				CLANG_CXX_LANGUAGE_STANDARD = "gnu++14";
				CLANG_CXX_LIBRARY = "libc++";
				CLANG_ENABLE_MODULES = YES;
				CLANG_ENABLE_OBJC_ARC = YES;
				CLANG_ENABLE_OBJC_WEAK = YES;
				CLANG_WARN_BLOCK_CAPTURE_AUTORELEASING = YES;
				CLANG_WARN_BOOL_CONVERSION = YES;
				CLANG_WARN_COMMA = YES;
				CLANG_WARN_CONSTANT_CONVERSION = YES;
				CLANG_WARN_DEPRECATED_OBJC_IMPLEMENTATIONS = YES;
				CLANG_WARN_DIRECT_OBJC_ISA_USAGE = YES_ERROR;
				CLANG_WARN_DOCUMENTATION_COMMENTS = YES;
				CLANG_WARN_EMPTY_BODY = YES;
				CLANG_WARN_ENUM_CONVERSION = YES;
				CLANG_WARN_INFINITE_RECURSION = YES;
				CLANG_WARN_INT_CONVERSION = YES;
				CLANG_WARN_NON_LITERAL_NULL_CONVERSION = YES;
				CLANG_WARN_OBJC_IMPLICIT_RETAIN_SELF = YES;
				CLANG_WARN_OBJC_LITERAL_CONVERSION = YES;
				CLANG_WARN_OBJC_ROOT_CLASS = YES_ERROR;
				CLANG_WARN_QUOTED_INCLUDE_IN_FRAMEWORK_HEADER = YES;
				CLANG_WARN_RANGE_LOOP_ANALYSIS = YES;
				CLANG_WARN_STRICT_PROTOTYPES = YES;
				CLANG_WARN_SUSPICIOUS_MOVE = YES;
				CLANG_WARN_UNGUARDED_AVAILABILITY = YES_AGGRESSIVE;
				CLANG_WARN_UNREACHABLE_CODE = YES;
				CLANG_WARN__DUPLICATE_METHOD_MATCH = YES;
				COPY_PHASE_STRIP = NO;
				DEBUG_INFORMATION_FORMAT = dwarf;
				ENABLE_STRICT_OBJC_MSGSEND = YES;
				ENABLE_TESTABILITY = YES;
				GCC_C_LANGUAGE_STANDARD = gnu11;
				GCC_DYNAMIC_NO_PIC = NO;
				GCC_NO_COMMON_BLOCKS = YES;
				GCC_OPTIMIZATION_LEVEL = 0;
				GCC_PREPROCESSOR_DEFINITIONS = (
					"DEBUG=1",
					"$(inherited)",
				);
				GCC_WARN_64_TO_32_BIT_CONVERSION = YES;
				GCC_WARN_ABOUT_RETURN_TYPE = YES_ERROR;
				GCC_WARN_UNDECLARED_SELECTOR = YES;
				GCC_WARN_UNINITIALIZED_AUTOS = YES_AGGRESSIVE;
				GCC_WARN_UNUSED_FUNCTION = YES;
				GCC_WARN_UNUSED_VARIABLE = YES;
				IPHONEOS_DEPLOYMENT_TARGET = 14.5;
				MTL_ENABLE_DEBUG_INFO = INCLUDE_SOURCE;
				MTL_FAST_MATH = YES;
				ONLY_ACTIVE_ARCH = YES;
				SDKROOT = iphoneos;
				SWIFT_ACTIVE_COMPILATION_CONDITIONS = DEBUG;
				SWIFT_OPTIMIZATION_LEVEL = "-Onone";
			};
			name = Debug;
		};
		FDC95D0926856FF500BC55AC /* Release */ = {
			isa = XCBuildConfiguration;
			buildSettings = {
				ALWAYS_SEARCH_USER_PATHS = NO;
				CLANG_ANALYZER_NONNULL = YES;
				CLANG_ANALYZER_NUMBER_OBJECT_CONVERSION = YES_AGGRESSIVE;
				CLANG_CXX_LANGUAGE_STANDARD = "gnu++14";
				CLANG_CXX_LIBRARY = "libc++";
				CLANG_ENABLE_MODULES = YES;
				CLANG_ENABLE_OBJC_ARC = YES;
				CLANG_ENABLE_OBJC_WEAK = YES;
				CLANG_WARN_BLOCK_CAPTURE_AUTORELEASING = YES;
				CLANG_WARN_BOOL_CONVERSION = YES;
				CLANG_WARN_COMMA = YES;
				CLANG_WARN_CONSTANT_CONVERSION = YES;
				CLANG_WARN_DEPRECATED_OBJC_IMPLEMENTATIONS = YES;
				CLANG_WARN_DIRECT_OBJC_ISA_USAGE = YES_ERROR;
				CLANG_WARN_DOCUMENTATION_COMMENTS = YES;
				CLANG_WARN_EMPTY_BODY = YES;
				CLANG_WARN_ENUM_CONVERSION = YES;
				CLANG_WARN_INFINITE_RECURSION = YES;
				CLANG_WARN_INT_CONVERSION = YES;
				CLANG_WARN_NON_LITERAL_NULL_CONVERSION = YES;
				CLANG_WARN_OBJC_IMPLICIT_RETAIN_SELF = YES;
				CLANG_WARN_OBJC_LITERAL_CONVERSION = YES;
				CLANG_WARN_OBJC_ROOT_CLASS = YES_ERROR;
				CLANG_WARN_QUOTED_INCLUDE_IN_FRAMEWORK_HEADER = YES;
				CLANG_WARN_RANGE_LOOP_ANALYSIS = YES;
				CLANG_WARN_STRICT_PROTOTYPES = YES;
				CLANG_WARN_SUSPICIOUS_MOVE = YES;
				CLANG_WARN_UNGUARDED_AVAILABILITY = YES_AGGRESSIVE;
				CLANG_WARN_UNREACHABLE_CODE = YES;
				CLANG_WARN__DUPLICATE_METHOD_MATCH = YES;
				COPY_PHASE_STRIP = NO;
				DEBUG_INFORMATION_FORMAT = "dwarf-with-dsym";
				ENABLE_NS_ASSERTIONS = NO;
				ENABLE_STRICT_OBJC_MSGSEND = YES;
				GCC_C_LANGUAGE_STANDARD = gnu11;
				GCC_NO_COMMON_BLOCKS = YES;
				GCC_WARN_64_TO_32_BIT_CONVERSION = YES;
				GCC_WARN_ABOUT_RETURN_TYPE = YES_ERROR;
				GCC_WARN_UNDECLARED_SELECTOR = YES;
				GCC_WARN_UNINITIALIZED_AUTOS = YES_AGGRESSIVE;
				GCC_WARN_UNUSED_FUNCTION = YES;
				GCC_WARN_UNUSED_VARIABLE = YES;
				IPHONEOS_DEPLOYMENT_TARGET = 14.5;
				MTL_ENABLE_DEBUG_INFO = NO;
				MTL_FAST_MATH = YES;
				SDKROOT = iphoneos;
				SWIFT_COMPILATION_MODE = wholemodule;
				SWIFT_OPTIMIZATION_LEVEL = "-O";
				VALIDATE_PRODUCT = YES;
			};
			name = Release;
		};
		FDC95D0B26856FF500BC55AC /* Debug */ = {
			isa = XCBuildConfiguration;
			baseConfigurationReference = D3C21CF54BF79EE66E2EA2F7 /* Pods-Example.debug.xcconfig */;
			buildSettings = {
				ASSETCATALOG_COMPILER_APPICON_NAME = AppIcon;
				ASSETCATALOG_COMPILER_GLOBAL_ACCENT_COLOR_NAME = AccentColor;
				CODE_SIGN_STYLE = Automatic;
				DEVELOPMENT_TEAM = C43Q2K9ZZB;
				INFOPLIST_FILE = Example/Info.plist;
				LD_RUNPATH_SEARCH_PATHS = (
					"$(inherited)",
					"@executable_path/Frameworks",
				);
				PRODUCT_BUNDLE_IDENTIFIER = lakhwinder.Example;
				PRODUCT_NAME = "$(TARGET_NAME)";
				SWIFT_VERSION = 5.0;
				TARGETED_DEVICE_FAMILY = "1,2";
			};
			name = Debug;
		};
		FDC95D0C26856FF500BC55AC /* Release */ = {
			isa = XCBuildConfiguration;
			baseConfigurationReference = 4AE7FE825FFEB2AD00302A4B /* Pods-Example.release.xcconfig */;
			buildSettings = {
				ASSETCATALOG_COMPILER_APPICON_NAME = AppIcon;
				ASSETCATALOG_COMPILER_GLOBAL_ACCENT_COLOR_NAME = AccentColor;
				CODE_SIGN_STYLE = Automatic;
				DEVELOPMENT_TEAM = C43Q2K9ZZB;
				INFOPLIST_FILE = Example/Info.plist;
				LD_RUNPATH_SEARCH_PATHS = (
					"$(inherited)",
					"@executable_path/Frameworks",
				);
				PRODUCT_BUNDLE_IDENTIFIER = lakhwinder.Example;
				PRODUCT_NAME = "$(TARGET_NAME)";
				SWIFT_VERSION = 5.0;
				TARGETED_DEVICE_FAMILY = "1,2";
			};
			name = Release;
		};
		FDC95D0E26856FF500BC55AC /* Debug */ = {
			isa = XCBuildConfiguration;
			buildSettings = {
				ALWAYS_EMBED_SWIFT_STANDARD_LIBRARIES = YES;
				BUNDLE_LOADER = "$(TEST_HOST)";
				CODE_SIGN_STYLE = Automatic;
				DEVELOPMENT_TEAM = C43Q2K9ZZB;
				INFOPLIST_FILE = ExampleTests/Info.plist;
				IPHONEOS_DEPLOYMENT_TARGET = 14.5;
				LD_RUNPATH_SEARCH_PATHS = (
					"$(inherited)",
					"@executable_path/Frameworks",
					"@loader_path/Frameworks",
				);
				PRODUCT_BUNDLE_IDENTIFIER = lakhwinder.ExampleTests;
				PRODUCT_NAME = "$(TARGET_NAME)";
				SWIFT_VERSION = 5.0;
				TARGETED_DEVICE_FAMILY = "1,2";
				TEST_HOST = "$(BUILT_PRODUCTS_DIR)/Example.app/Example";
			};
			name = Debug;
		};
		FDC95D0F26856FF500BC55AC /* Release */ = {
			isa = XCBuildConfiguration;
			buildSettings = {
				ALWAYS_EMBED_SWIFT_STANDARD_LIBRARIES = YES;
				BUNDLE_LOADER = "$(TEST_HOST)";
				CODE_SIGN_STYLE = Automatic;
				DEVELOPMENT_TEAM = C43Q2K9ZZB;
				INFOPLIST_FILE = ExampleTests/Info.plist;
				IPHONEOS_DEPLOYMENT_TARGET = 14.5;
				LD_RUNPATH_SEARCH_PATHS = (
					"$(inherited)",
					"@executable_path/Frameworks",
					"@loader_path/Frameworks",
				);
				PRODUCT_BUNDLE_IDENTIFIER = lakhwinder.ExampleTests;
				PRODUCT_NAME = "$(TARGET_NAME)";
				SWIFT_VERSION = 5.0;
				TARGETED_DEVICE_FAMILY = "1,2";
				TEST_HOST = "$(BUILT_PRODUCTS_DIR)/Example.app/Example";
			};
			name = Release;
		};
		FDC95D1126856FF500BC55AC /* Debug */ = {
			isa = XCBuildConfiguration;
			buildSettings = {
				ALWAYS_EMBED_SWIFT_STANDARD_LIBRARIES = YES;
				CODE_SIGN_STYLE = Automatic;
				DEVELOPMENT_TEAM = C43Q2K9ZZB;
				INFOPLIST_FILE = ExampleUITests/Info.plist;
				LD_RUNPATH_SEARCH_PATHS = (
					"$(inherited)",
					"@executable_path/Frameworks",
					"@loader_path/Frameworks",
				);
				PRODUCT_BUNDLE_IDENTIFIER = lakhwinder.ExampleUITests;
				PRODUCT_NAME = "$(TARGET_NAME)";
				SWIFT_VERSION = 5.0;
				TARGETED_DEVICE_FAMILY = "1,2";
				TEST_TARGET_NAME = Example;
			};
			name = Debug;
		};
		FDC95D1226856FF500BC55AC /* Release */ = {
			isa = XCBuildConfiguration;
			buildSettings = {
				ALWAYS_EMBED_SWIFT_STANDARD_LIBRARIES = YES;
				CODE_SIGN_STYLE = Automatic;
				DEVELOPMENT_TEAM = C43Q2K9ZZB;
				INFOPLIST_FILE = ExampleUITests/Info.plist;
				LD_RUNPATH_SEARCH_PATHS = (
					"$(inherited)",
					"@executable_path/Frameworks",
					"@loader_path/Frameworks",
				);
				PRODUCT_BUNDLE_IDENTIFIER = lakhwinder.ExampleUITests;
				PRODUCT_NAME = "$(TARGET_NAME)";
				SWIFT_VERSION = 5.0;
				TARGETED_DEVICE_FAMILY = "1,2";
				TEST_TARGET_NAME = Example;
			};
			name = Release;
		};
/* End XCBuildConfiguration section */

/* Begin XCConfigurationList section */
		FDC95CDB26856FF400BC55AC /* Build configuration list for PBXProject "Example" */ = {
			isa = XCConfigurationList;
			buildConfigurations = (
				FDC95D0826856FF500BC55AC /* Debug */,
				FDC95D0926856FF500BC55AC /* Release */,
			);
			defaultConfigurationIsVisible = 0;
			defaultConfigurationName = Release;
		};
		FDC95D0A26856FF500BC55AC /* Build configuration list for PBXNativeTarget "Example" */ = {
			isa = XCConfigurationList;
			buildConfigurations = (
				FDC95D0B26856FF500BC55AC /* Debug */,
				FDC95D0C26856FF500BC55AC /* Release */,
			);
			defaultConfigurationIsVisible = 0;
			defaultConfigurationName = Release;
		};
		FDC95D0D26856FF500BC55AC /* Build configuration list for PBXNativeTarget "ExampleTests" */ = {
			isa = XCConfigurationList;
			buildConfigurations = (
				FDC95D0E26856FF500BC55AC /* Debug */,
				FDC95D0F26856FF500BC55AC /* Release */,
			);
			defaultConfigurationIsVisible = 0;
			defaultConfigurationName = Release;
		};
		FDC95D1026856FF500BC55AC /* Build configuration list for PBXNativeTarget "ExampleUITests" */ = {
			isa = XCConfigurationList;
			buildConfigurations = (
				FDC95D1126856FF500BC55AC /* Debug */,
				FDC95D1226856FF500BC55AC /* Release */,
			);
			defaultConfigurationIsVisible = 0;
			defaultConfigurationName = Release;
		};
/* End XCConfigurationList section */
	};
	rootObject = FDC95CD826856FF400BC55AC /* Project object */;
}
